{
  "name": "quickstart",
  "version": "1.0.0",
  "lockfileVersion": 2,
  "requires": true,
  "packages": {
    "": {
      "name": "quickstart",
      "version": "1.0.0",
      "license": "ISC",
      "dependencies": {
        "@prisma/client": "^4.2.1"
      },
      "devDependencies": {
        "prisma": "^4.2.1"
      }
    },
    "node_modules/@prisma/client": {
      "version": "4.6.1",
      "resolved": "https://registry.npmjs.org/@prisma/client/-/client-4.6.1.tgz",
      "integrity": "sha512-M1+NNrMzqaOIxT7PBGcTs3IZo7d1EW/+gVQd4C4gUgWBDGgD9AcIeZnUSidgWClmpMSgVUdnVORjsWWGUameYA==",
      "hasInstallScript": true,
      "dependencies": {
        "@prisma/engines-version": "4.6.1-3.694eea289a8462c80264df36757e4fdc129b1b32"
      },
      "engines": {
        "node": ">=14.17"
      },
      "peerDependencies": {
        "prisma": "*"
      },
      "peerDependenciesMeta": {
        "prisma": {
          "optional": true
        }
      }
    },
    "node_modules/@prisma/engines": {
      "version": "4.5.0",
      "resolved": "https://registry.npmjs.org/@prisma/engines/-/engines-4.5.0.tgz",
      "integrity": "sha512-4t9ir2SbQQr/wMCNU4YpHWp5hU14J2m3wHUZnGJPpmBF8YtkisxyVyQsKd1e6FyLTaGq8LOLhm6VLYHKqKNm+g==",
      "devOptional": true,
      "hasInstallScript": true
    },
    "node_modules/@prisma/engines-version": {
      "version": "4.6.1-3.694eea289a8462c80264df36757e4fdc129b1b32",
      "resolved": "https://registry.npmjs.org/@prisma/engines-version/-/engines-version-4.6.1-3.694eea289a8462c80264df36757e4fdc129b1b32.tgz",
      "integrity": "sha512-HUCmkXAU2jqp2O1RvNtbE+seLGLyJGEABZS/R38rZjSAafAy0WzBuHq+tbZMnD+b5OSCsTVtIPVcuvx1ySxcWQ=="
    },
    "node_modules/prisma": {
      "version": "4.5.0",
      "resolved": "https://registry.npmjs.org/prisma/-/prisma-4.5.0.tgz",
      "integrity": "sha512-9Aeg4qiKlv9Wsjz4NO8k2CzRzlvS3A4FYVJ5+28sBBZ0eEwbiVOE/Jj7v6rZC1tFW2s4GSICQOAyuOjc6WsNew==",
      "devOptional": true,
      "hasInstallScript": true,
      "dependencies": {
        "@prisma/engines": "4.5.0"
      },
      "bin": {
        "prisma": "build/index.js",
        "prisma2": "build/index.js"
      },
      "engines": {
        "node": ">=14.17"
      }
    }
  },
  "dependencies": {
    "@prisma/client": {
      "version": "4.6.1",
      "resolved": "https://registry.npmjs.org/@prisma/client/-/client-4.6.1.tgz",
      "integrity": "sha512-M1+NNrMzqaOIxT7PBGcTs3IZo7d1EW/+gVQd4C4gUgWBDGgD9AcIeZnUSidgWClmpMSgVUdnVORjsWWGUameYA==",
      "requires": {
        "@prisma/engines-version": "4.6.1-3.694eea289a8462c80264df36757e4fdc129b1b32"
      }
    },
    "@prisma/engines": {
      "version": "4.5.0",
      "resolved": "https://registry.npmjs.org/@prisma/engines/-/engines-4.5.0.tgz",
      "integrity": "sha512-4t9ir2SbQQr/wMCNU4YpHWp5hU14J2m3wHUZnGJPpmBF8YtkisxyVyQsKd1e6FyLTaGq8LOLhm6VLYHKqKNm+g==",
      "devOptional": true
    },
    "@prisma/engines-version": {
      "version": "4.6.1-3.694eea289a8462c80264df36757e4fdc129b1b32",
      "resolved": "https://registry.npmjs.org/@prisma/engines-version/-/engines-version-4.6.1-3.694eea289a8462c80264df36757e4fdc129b1b32.tgz",
      "integrity": "sha512-HUCmkXAU2jqp2O1RvNtbE+seLGLyJGEABZS/R38rZjSAafAy0WzBuHq+tbZMnD+b5OSCsTVtIPVcuvx1ySxcWQ=="
    },
    "prisma": {
      "version": "4.5.0",
      "resolved": "https://registry.npmjs.org/prisma/-/prisma-4.5.0.tgz",
      "integrity": "sha512-9Aeg4qiKlv9Wsjz4NO8k2CzRzlvS3A4FYVJ5+28sBBZ0eEwbiVOE/Jj7v6rZC1tFW2s4GSICQOAyuOjc6WsNew==",
      "devOptional": true,
      "requires": {
        "@prisma/engines": "4.5.0"
      }
    }
  }
}
