{
  "name": "quickstart",
  "version": "1.0.0",
  "lockfileVersion": 2,
  "requires": true,
  "packages": {
    "": {
      "name": "quickstart",
      "version": "1.0.0",
      "license": "ISC",
      "dependencies": {
        "@prisma/client": "^4.2.1"
      },
      "devDependencies": {
        "prisma": "^5.8.0"
      }
    },
    "node_modules/@prisma/client": {
      "version": "4.8.1",
      "resolved": "https://registry.npmjs.org/@prisma/client/-/client-4.8.1.tgz",
      "integrity": "sha512-d4xhZhETmeXK/yZ7K0KcVOzEfI5YKGGEr4F5SBV04/MU4ncN/HcE28sy3e4Yt8UFW0ZuImKFQJE+9rWt9WbGSQ==",
      "hasInstallScript": true,
      "dependencies": {
        "@prisma/engines-version": "4.8.0-61.d6e67a83f971b175a593ccc12e15c4a757f93ffe"
      },
      "engines": {
        "node": ">=14.17"
      },
      "peerDependencies": {
        "prisma": "*"
      },
      "peerDependenciesMeta": {
        "prisma": {
          "optional": true
        }
      }
    },
    "node_modules/@prisma/debug": {
      "version": "5.8.0",
      "resolved": "https://registry.npmjs.org/@prisma/debug/-/debug-5.8.0.tgz",
      "integrity": "sha512-ZqPpkvbovu/kQJ1bvy57NO4dw97fpQGcbQSCtsqlwSE1UNKJP75R3BKxdznk8ZPMY+GJdMRetWNv4oAvSbWn8Q==",
      "devOptional": true
    },
    "node_modules/@prisma/engines": {
      "version": "5.8.0",
      "resolved": "https://registry.npmjs.org/@prisma/engines/-/engines-5.8.0.tgz",
      "integrity": "sha512-Qhqm9WWLujNEC13AuZlUO14SQ15tNLe5puaz+tOk7UqINqJ3PtqMmuSuzomiw2diGVqZ+HYiSQzlR3+pPucVHA==",
      "devOptional": true,
      "hasInstallScript": true,
      "dependencies": {
        "@prisma/debug": "5.8.0",
        "@prisma/engines-version": "5.8.0-37.0a83d8541752d7582de2ebc1ece46519ce72a848",
        "@prisma/fetch-engine": "5.8.0",
        "@prisma/get-platform": "5.8.0"
      }
    },
    "node_modules/@prisma/engines-version": {
      "version": "4.8.0-61.d6e67a83f971b175a593ccc12e15c4a757f93ffe",
      "resolved": "https://registry.npmjs.org/@prisma/engines-version/-/engines-version-4.8.0-61.d6e67a83f971b175a593ccc12e15c4a757f93ffe.tgz",
      "integrity": "sha512-MHSOSexomRMom8QN4t7bu87wPPD+pa+hW9+71JnVcF3DqyyO/ycCLhRL1we3EojRpZxKvuyGho2REQsMCvxcJw=="
    },
    "node_modules/@prisma/engines/node_modules/@prisma/engines-version": {
      "version": "5.8.0-37.0a83d8541752d7582de2ebc1ece46519ce72a848",
      "resolved": "https://registry.npmjs.org/@prisma/engines-version/-/engines-version-5.8.0-37.0a83d8541752d7582de2ebc1ece46519ce72a848.tgz",
      "integrity": "sha512-cXcoVweYbnv8xRfkWq9oj8BECOdzHUazrSpYCa0ehp5TNz4l5Spa8jbq/VROCTzj3ZncH5D9Q2TmySYTOUeKlw==",
      "devOptional": true
    },
    "node_modules/@prisma/fetch-engine": {
      "version": "5.8.0",
      "resolved": "https://registry.npmjs.org/@prisma/fetch-engine/-/fetch-engine-5.8.0.tgz",
      "integrity": "sha512-1CAuE+JoYsPNggMEn6qk0zos06Uc9bYZBJ0VBPHD6R7REL05614koAbOCmn52IaYz3nobb7f25hqW6AY7rLkIw==",
      "devOptional": true,
      "dependencies": {
        "@prisma/debug": "5.8.0",
        "@prisma/engines-version": "5.8.0-37.0a83d8541752d7582de2ebc1ece46519ce72a848",
        "@prisma/get-platform": "5.8.0"
      }
    },
    "node_modules/@prisma/fetch-engine/node_modules/@prisma/engines-version": {
      "version": "5.8.0-37.0a83d8541752d7582de2ebc1ece46519ce72a848",
      "resolved": "https://registry.npmjs.org/@prisma/engines-version/-/engines-version-5.8.0-37.0a83d8541752d7582de2ebc1ece46519ce72a848.tgz",
      "integrity": "sha512-cXcoVweYbnv8xRfkWq9oj8BECOdzHUazrSpYCa0ehp5TNz4l5Spa8jbq/VROCTzj3ZncH5D9Q2TmySYTOUeKlw==",
      "devOptional": true
    },
    "node_modules/@prisma/get-platform": {
      "version": "5.8.0",
      "resolved": "https://registry.npmjs.org/@prisma/get-platform/-/get-platform-5.8.0.tgz",
      "integrity": "sha512-Nk3rhTFZ1LYkFZJnpSvQcLPCaBWgJQfteHII6UEENOOkYlmP0k3FuswND54tzzEr4qs39wOdV9pbXKX9U2lv7A==",
      "devOptional": true,
      "dependencies": {
        "@prisma/debug": "5.8.0"
      }
    },
    "node_modules/prisma": {
      "version": "5.8.0",
      "resolved": "https://registry.npmjs.org/prisma/-/prisma-5.8.0.tgz",
      "integrity": "sha512-hDKoEqPt2qEUTH5yGO3l27CBnPtwvte0CGMKrpCr9+/A919JghfqJ3qgCGgMbOwdkXUOzdho0RH9tyUF3UhpMw==",
      "devOptional": true,
      "hasInstallScript": true,
      "dependencies": {
        "@prisma/engines": "5.8.0"
      },
      "bin": {
        "prisma": "build/index.js"
      },
      "engines": {
        "node": ">=16.13"
      }
    }
  },
  "dependencies": {
    "@prisma/client": {
      "version": "4.8.1",
      "resolved": "https://registry.npmjs.org/@prisma/client/-/client-4.8.1.tgz",
      "integrity": "sha512-d4xhZhETmeXK/yZ7K0KcVOzEfI5YKGGEr4F5SBV04/MU4ncN/HcE28sy3e4Yt8UFW0ZuImKFQJE+9rWt9WbGSQ==",
      "requires": {
        "@prisma/engines-version": "4.8.0-61.d6e67a83f971b175a593ccc12e15c4a757f93ffe"
      }
    },
    "@prisma/debug": {
      "version": "5.8.0",
      "resolved": "https://registry.npmjs.org/@prisma/debug/-/debug-5.8.0.tgz",
      "integrity": "sha512-ZqPpkvbovu/kQJ1bvy57NO4dw97fpQGcbQSCtsqlwSE1UNKJP75R3BKxdznk8ZPMY+GJdMRetWNv4oAvSbWn8Q==",
      "devOptional": true
    },
    "@prisma/engines": {
      "version": "5.8.0",
      "resolved": "https://registry.npmjs.org/@prisma/engines/-/engines-5.8.0.tgz",
      "integrity": "sha512-Qhqm9WWLujNEC13AuZlUO14SQ15tNLe5puaz+tOk7UqINqJ3PtqMmuSuzomiw2diGVqZ+HYiSQzlR3+pPucVHA==",
      "devOptional": true,
      "requires": {
        "@prisma/debug": "5.8.0",
        "@prisma/engines-version": "5.8.0-37.0a83d8541752d7582de2ebc1ece46519ce72a848",
        "@prisma/fetch-engine": "5.8.0",
        "@prisma/get-platform": "5.8.0"
      },
      "dependencies": {
        "@prisma/engines-version": {
          "version": "5.8.0-37.0a83d8541752d7582de2ebc1ece46519ce72a848",
          "resolved": "https://registry.npmjs.org/@prisma/engines-version/-/engines-version-5.8.0-37.0a83d8541752d7582de2ebc1ece46519ce72a848.tgz",
          "integrity": "sha512-cXcoVweYbnv8xRfkWq9oj8BECOdzHUazrSpYCa0ehp5TNz4l5Spa8jbq/VROCTzj3ZncH5D9Q2TmySYTOUeKlw==",
          "devOptional": true
        }
      }
    },
    "@prisma/engines-version": {
      "version": "4.8.0-61.d6e67a83f971b175a593ccc12e15c4a757f93ffe",
      "resolved": "https://registry.npmjs.org/@prisma/engines-version/-/engines-version-4.8.0-61.d6e67a83f971b175a593ccc12e15c4a757f93ffe.tgz",
      "integrity": "sha512-MHSOSexomRMom8QN4t7bu87wPPD+pa+hW9+71JnVcF3DqyyO/ycCLhRL1we3EojRpZxKvuyGho2REQsMCvxcJw=="
    },
    "@prisma/fetch-engine": {
      "version": "5.8.0",
      "resolved": "https://registry.npmjs.org/@prisma/fetch-engine/-/fetch-engine-5.8.0.tgz",
      "integrity": "sha512-1CAuE+JoYsPNggMEn6qk0zos06Uc9bYZBJ0VBPHD6R7REL05614koAbOCmn52IaYz3nobb7f25hqW6AY7rLkIw==",
      "devOptional": true,
      "requires": {
        "@prisma/debug": "5.8.0",
        "@prisma/engines-version": "5.8.0-37.0a83d8541752d7582de2ebc1ece46519ce72a848",
        "@prisma/get-platform": "5.8.0"
      },
      "dependencies": {
        "@prisma/engines-version": {
          "version": "5.8.0-37.0a83d8541752d7582de2ebc1ece46519ce72a848",
          "resolved": "https://registry.npmjs.org/@prisma/engines-version/-/engines-version-5.8.0-37.0a83d8541752d7582de2ebc1ece46519ce72a848.tgz",
          "integrity": "sha512-cXcoVweYbnv8xRfkWq9oj8BECOdzHUazrSpYCa0ehp5TNz4l5Spa8jbq/VROCTzj3ZncH5D9Q2TmySYTOUeKlw==",
          "devOptional": true
        }
      }
    },
    "@prisma/get-platform": {
      "version": "5.8.0",
      "resolved": "https://registry.npmjs.org/@prisma/get-platform/-/get-platform-5.8.0.tgz",
      "integrity": "sha512-Nk3rhTFZ1LYkFZJnpSvQcLPCaBWgJQfteHII6UEENOOkYlmP0k3FuswND54tzzEr4qs39wOdV9pbXKX9U2lv7A==",
      "devOptional": true,
      "requires": {
        "@prisma/debug": "5.8.0"
      }
    },
    "prisma": {
      "version": "5.8.0",
      "resolved": "https://registry.npmjs.org/prisma/-/prisma-5.8.0.tgz",
      "integrity": "sha512-hDKoEqPt2qEUTH5yGO3l27CBnPtwvte0CGMKrpCr9+/A919JghfqJ3qgCGgMbOwdkXUOzdho0RH9tyUF3UhpMw==",
      "devOptional": true,
      "requires": {
        "@prisma/engines": "5.8.0"
      }
    }
  }
}
