# THIS IS AN AUTOGENERATED FILE. DO NOT EDIT THIS FILE DIRECTLY.
# yarn lockfile v1


"@prisma/client@^4.2.1":
  version "4.8.1"
  resolved "https://registry.yarnpkg.com/@prisma/client/-/client-4.8.1.tgz#51c16488dfac4e74a275a2753bf20262a65f2a2b"
  dependencies:
    "@prisma/engines-version" "4.8.0-61.d6e67a83f971b175a593ccc12e15c4a757f93ffe"

"@prisma/engines-version@4.8.0-61.d6e67a83f971b175a593ccc12e15c4a757f93ffe":
  version "4.8.0-61.d6e67a83f971b175a593ccc12e15c4a757f93ffe"
  resolved "https://registry.yarnpkg.com/@prisma/engines-version/-/engines-version-4.8.0-61.d6e67a83f971b175a593ccc12e15c4a757f93ffe.tgz#30401aba1029e7d32e3cb717e705a7c92ccc211e"

"@prisma/engines@4.12.0":
  version "4.12.0"
  resolved "https://registry.yarnpkg.com/@prisma/engines/-/engines-4.12.0.tgz#68d99078b70b2d9c339d0e8cbf2e99f00b72aa8c"

prisma@^4.2.1:
  version "4.12.0"
  resolved "https://registry.yarnpkg.com/prisma/-/prisma-4.12.0.tgz#1080eda951928cb3b0274ad29da9ae4f93143d68"
  dependencies:
    "@prisma/engines" "4.12.0"
