# THIS IS AN AUTOGENERATED FILE. DO NOT EDIT THIS FILE DIRECTLY.
# yarn lockfile v1


"@prisma/client@^4.2.1":
  version "4.8.1"
  resolved "https://registry.yarnpkg.com/@prisma/client/-/client-4.8.1.tgz#51c16488dfac4e74a275a2753bf20262a65f2a2b"
  dependencies:
    "@prisma/engines-version" "4.8.0-61.d6e67a83f971b175a593ccc12e15c4a757f93ffe"

"@prisma/debug@5.8.0":
  version "5.8.0"
  resolved "https://registry.yarnpkg.com/@prisma/debug/-/debug-5.8.0.tgz#e49b9d8fd4ef79d177ac4b9f5242e857e8d5a044"

"@prisma/engines-version@4.8.0-61.d6e67a83f971b175a593ccc12e15c4a757f93ffe":
  version "4.8.0-61.d6e67a83f971b175a593ccc12e15c4a757f93ffe"
  resolved "https://registry.yarnpkg.com/@prisma/engines-version/-/engines-version-4.8.0-61.d6e67a83f971b175a593ccc12e15c4a757f93ffe.tgz#30401aba1029e7d32e3cb717e705a7c92ccc211e"

"@prisma/engines-version@5.8.0-37.0a83d8541752d7582de2ebc1ece46519ce72a848":
  version "5.8.0-37.0a83d8541752d7582de2ebc1ece46519ce72a848"
  resolved "https://registry.yarnpkg.com/@prisma/engines-version/-/engines-version-5.8.0-37.0a83d8541752d7582de2ebc1ece46519ce72a848.tgz#072d9fb98d9454aeb3549ae8c922446313312145"

"@prisma/engines@5.8.0":
  version "5.8.0"
  resolved "https://registry.yarnpkg.com/@prisma/engines/-/engines-5.8.0.tgz#610560705a8753089ceb93cee8102679ba7eed51"
  dependencies:
    "@prisma/debug" "5.8.0"
    "@prisma/engines-version" "5.8.0-37.0a83d8541752d7582de2ebc1ece46519ce72a848"
    "@prisma/fetch-engine" "5.8.0"
    "@prisma/get-platform" "5.8.0"

"@prisma/fetch-engine@5.8.0":
  version "5.8.0"
  resolved "https://registry.yarnpkg.com/@prisma/fetch-engine/-/fetch-engine-5.8.0.tgz#ebba3f0fdf6b9c757502f5dd34fcfa80690e4e7b"
  dependencies:
    "@prisma/debug" "5.8.0"
    "@prisma/engines-version" "5.8.0-37.0a83d8541752d7582de2ebc1ece46519ce72a848"
    "@prisma/get-platform" "5.8.0"

"@prisma/get-platform@5.8.0":
  version "5.8.0"
  resolved "https://registry.yarnpkg.com/@prisma/get-platform/-/get-platform-5.8.0.tgz#a1057322f0cb5dd0d2f59b4120659621e5e24526"
  dependencies:
    "@prisma/debug" "5.8.0"

prisma@^5.8.0:
  version "5.8.0"
  resolved "https://registry.yarnpkg.com/prisma/-/prisma-5.8.0.tgz#4efef66c1e8aee98bbc1d41b32bf629f5f7275b2"
  dependencies:
    "@prisma/engines" "5.8.0"
