# THIS IS AN AUTOGENERATED FILE. DO NOT EDIT THIS FILE DIRECTLY.
# yarn lockfile v1


"@prisma/client@^5.3.1":
  version "5.3.1"
  resolved "https://registry.yarnpkg.com/@prisma/client/-/client-5.3.1.tgz#fc7fc2d91e814cc4fe18a4bc5e78bf851c26985e"
  dependencies:
    "@prisma/engines-version" "5.3.1-2.61e140623197a131c2a6189271ffee05a7aa9a59"

"@prisma/engines-version@5.3.1-2.61e140623197a131c2a6189271ffee05a7aa9a59":
  version "5.3.1-2.61e140623197a131c2a6189271ffee05a7aa9a59"
  resolved "https://registry.yarnpkg.com/@prisma/engines-version/-/engines-version-5.3.1-2.61e140623197a131c2a6189271ffee05a7aa9a59.tgz#7eb6f5c6b7628b8b39df55c903f411528a6f761c"

"@prisma/engines@4.8.1":
  version "4.8.1"
  resolved "https://registry.yarnpkg.com/@prisma/engines/-/engines-4.8.1.tgz#8428f7dcd7912c6073024511376595017630dc85"

prisma@^4.2.1:
  version "4.8.1"
  resolved "https://registry.yarnpkg.com/prisma/-/prisma-4.8.1.tgz#ef93cd908809b7d02e9f4bead5eea7733ba50c68"
  dependencies:
    "@prisma/engines" "4.8.1"
